<?xml version="1.0" encoding="utf-8"?>
<Project ToolsVersion="4.0" xmlns="http://schemas.microsoft.com/developer/msbuild/2003">
  <ItemGroup>
    <Filter Include="소스 파일">
      <UniqueIdentifier>{4FC737F1-C7A5-4376-A066-2A32D752A2FF}</UniqueIdentifier>
      <Extensions>cpp;c;cc;cxx;def;odl;idl;hpj;bat;asm;asmx</Extensions>
    </Filter>
    <Filter Include="헤더 파일">
      <UniqueIdentifier>{93995380-89BD-4b04-88EB-625FBE52EBFB}</UniqueIdentifier>
      <Extensions>h;hh;hpp;hxx;hm;inl;inc;xsd</Extensions>
    </Filter>
    <Filter Include="리소스 파일">
      <UniqueIdentifier>{67DA6AB6-F800-4c08-8B7A-83BB121AAD01}</UniqueIdentifier>
      <Extensions>rc;ico;cur;bmp;dlg;rc2;rct;bin;rgs;gif;jpg;jpeg;jpe;resx;tiff;tif;png;wav;mfcribbon-ms</Extensions>
    </Filter>
    <Filter Include="소스 파일\Figure">
      <UniqueIdentifier>{f07704dd-cf11-4e73-9411-bacdb00c78ad}</UniqueIdentifier>
    </Filter>
    <Filter Include="헤더 파일\Figure">
      <UniqueIdentifier>{3d9d7e7f-a98a-4ffa-9c64-8a01135391da}</UniqueIdentifier>
    </Filter>
    <Filter Include="리소스 파일\Icons">
      <UniqueIdentifier>{4c44344a-75c0-4787-8576-af5718ba573b}</UniqueIdentifier>
    </Filter>
    <Filter Include="소스 파일\Assistant">
      <UniqueIdentifier>{97b624eb-6a74-4f5f-a831-9c6c809f3a86}</UniqueIdentifier>
    </Filter>
    <Filter Include="헤더 파일\Assistant">
      <UniqueIdentifier>{efd27aea-4857-4d56-a708-ebb23029f424}</UniqueIdentifier>
    </Filter>
    <Filter Include="소스 파일\Figure\Strap">
      <UniqueIdentifier>{b85c2f14-10d7-4272-8998-b8fc39415a1e}</UniqueIdentifier>
    </Filter>
    <Filter Include="소스 파일\Figure\Shape">
      <UniqueIdentifier>{b25bf74e-7cfe-41d0-9b28-2ee468128ce3}</UniqueIdentifier>
    </Filter>
    <Filter Include="헤더 파일\Figure\Shape">
      <UniqueIdentifier>{5d4e20e6-3283-4231-bdfb-3f9463645602}</UniqueIdentifier>
    </Filter>
    <Filter Include="헤더 파일\Figure\Strap">
      <UniqueIdentifier>{2a0fe2ae-42c9-4a31-a093-9c0ffe2974e6}</UniqueIdentifier>
    </Filter>
  </ItemGroup>
  <ItemGroup>
    <Text Include="ReadMe.txt" />
    <Text Include="Gdi+ Figures List.txt" />
  </ItemGroup>
  <ItemGroup>
    <ClInclude Include="Graphic Editor.h">
      <Filter>헤더 파일</Filter>
    </ClInclude>
    <ClInclude Include="stdafx.h">
      <Filter>헤더 파일</Filter>
    </ClInclude>
    <ClInclude Include="targetver.h">
      <Filter>헤더 파일</Filter>
    </ClInclude>
    <ClInclude Include="MainFrm.h">
      <Filter>헤더 파일</Filter>
    </ClInclude>
    <ClInclude Include="ChildFrm.h">
      <Filter>헤더 파일</Filter>
    </ClInclude>
    <ClInclude Include="Graphic Editor Doc.h">
      <Filter>헤더 파일</Filter>
    </ClInclude>
    <ClInclude Include="Graphic Editor View.h">
      <Filter>헤더 파일</Filter>
    </ClInclude>
    <ClInclude Include="Resource.h">
      <Filter>헤더 파일</Filter>
    </ClInclude>
    <ClInclude Include="PropertiesWnd.h">
      <Filter>헤더 파일</Filter>
    </ClInclude>
    <ClInclude Include="Figure.h">
      <Filter>헤더 파일\Figure</Filter>
    </ClInclude>
    <ClInclude Include="Group.h">
      <Filter>헤더 파일\Figure</Filter>
    </ClInclude>
    <ClInclude Include="FigureProperties.h">
      <Filter>헤더 파일\Assistant</Filter>
    </ClInclude>
    <ClInclude Include="Strap.h">
      <Filter>헤더 파일\Figure\Strap</Filter>
    </ClInclude>
    <ClInclude Include="Line.h">
      <Filter>헤더 파일\Figure\Strap</Filter>
    </ClInclude>
    <ClInclude Include="PolyLine.h">
      <Filter>헤더 파일\Figure\Strap</Filter>
    </ClInclude>
    <ClInclude Include="Ellipse.h">
      <Filter>헤더 파일\Figure\Shape</Filter>
    </ClInclude>
    <ClInclude Include="Rectangle.h">
      <Filter>헤더 파일\Figure\Shape</Filter>
    </ClInclude>
    <ClInclude Include="Shape.h">
      <Filter>헤더 파일\Figure\Shape</Filter>
    </ClInclude>
    <ClInclude Include="Text.h">
      <Filter>헤더 파일\Figure\Shape</Filter>
    </ClInclude>
    <ClInclude Include="Global.h">
      <Filter>헤더 파일\Assistant</Filter>
    </ClInclude>
  </ItemGroup>
  <ItemGroup>
    <ClCompile Include="Graphic Editor.cpp">
      <Filter>소스 파일</Filter>
    </ClCompile>
    <ClCompile Include="stdafx.cpp">
      <Filter>소스 파일</Filter>
    </ClCompile>
    <ClCompile Include="MainFrm.cpp">
      <Filter>소스 파일</Filter>
    </ClCompile>
    <ClCompile Include="ChildFrm.cpp">
      <Filter>소스 파일</Filter>
    </ClCompile>
    <ClCompile Include="Graphic Editor Doc.cpp">
      <Filter>소스 파일</Filter>
    </ClCompile>
    <ClCompile Include="Graphic Editor View.cpp">
      <Filter>소스 파일</Filter>
    </ClCompile>
    <ClCompile Include="PropertiesWnd.cpp">
      <Filter>소스 파일</Filter>
    </ClCompile>
    <ClCompile Include="Figure.cpp">
      <Filter>소스 파일\Figure</Filter>
    </ClCompile>
    <ClCompile Include="Group.cpp">
      <Filter>소스 파일\Figure</Filter>
    </ClCompile>
    <ClCompile Include="FigureProperties.cpp">
      <Filter>소스 파일\Assistant</Filter>
    </ClCompile>
    <ClCompile Include="Line.cpp">
      <Filter>소스 파일\Figure\Strap</Filter>
    </ClCompile>
    <ClCompile Include="PolyLine.cpp">
      <Filter>소스 파일\Figure\Strap</Filter>
    </ClCompile>
    <ClCompile Include="Strap.cpp">
      <Filter>소스 파일\Figure\Strap</Filter>
    </ClCompile>
    <ClCompile Include="Ellipse.cpp">
      <Filter>소스 파일\Figure\Shape</Filter>
    </ClCompile>
    <ClCompile Include="Rectangle.cpp">
      <Filter>소스 파일\Figure\Shape</Filter>
    </ClCompile>
    <ClCompile Include="Shape.cpp">
      <Filter>소스 파일\Figure\Shape</Filter>
    </ClCompile>
    <ClCompile Include="Text.cpp">
      <Filter>소스 파일\Figure\Shape</Filter>
    </ClCompile>
    <ClCompile Include="Global.cpp">
      <Filter>소스 파일\Assistant</Filter>
    </ClCompile>
  </ItemGroup>
  <ItemGroup>
    <None Include="Graphic Editor.reg" />
    <None Include="res\GraphicEditor.rc2">
      <Filter>리소스 파일</Filter>
    </None>
    <None Include="res\ribbon.mfcribbon-ms">
      <Filter>리소스 파일</Filter>
    </None>
  </ItemGroup>
  <ItemGroup>
    <ResourceCompile Include="Graphic Editor.rc">
      <Filter>리소스 파일</Filter>
    </ResourceCompile>
  </ItemGroup>
  <ItemGroup>
    <Image Include="res\Graphic EditorDoc.ico">
      <Filter>리소스 파일\Icons</Filter>
    </Image>
    <Image Include="res\Graphic Editor.ico">
      <Filter>리소스 파일\Icons</Filter>
    </Image>
    <Image Include="res\filesmall.bmp">
      <Filter>리소스 파일\Icons</Filter>
    </Image>
    <Image Include="res\filelarge.bmp">
      <Filter>리소스 파일\Icons</Filter>
    </Image>
    <Image Include="res\buttons.bmp">
      <Filter>리소스 파일\Icons</Filter>
    </Image>
    <Image Include="res\Toolbar256.bmp">
      <Filter>리소스 파일\Icons</Filter>
    </Image>
    <Image Include="res\Toolbar.bmp">
      <Filter>리소스 파일\Icons</Filter>
    </Image>
    <Image Include="res\writesmall.bmp">
      <Filter>리소스 파일\Icons</Filter>
    </Image>
    <Image Include="res\writelarge.bmp">
      <Filter>리소스 파일\Icons</Filter>
    </Image>
    <Image Include="res\main.bmp">
      <Filter>리소스 파일\Icons</Filter>
    </Image>
    <Image Include="res\properties.bmp">
      <Filter>리소스 파일\Icons</Filter>
    </Image>
    <Image Include="res\properties_hc.bmp">
      <Filter>리소스 파일\Icons</Filter>
    </Image>
    <Image Include="res\properties_wnd.ico">
      <Filter>리소스 파일\Icons</Filter>
    </Image>
    <Image Include="res\properties_wnd_hc.ico">
      <Filter>리소스 파일\Icons</Filter>
    </Image>
  </ItemGroup>
</Project>